
Microsoft Visual Studio Solution File, Format Version 12.00
# Visual Studio 2012
Project("{FAE04EC0-301F-11D3-BF4B-00C04F79EFBC}") = "HereSay.Core", "HereSay\HereSay.Core.csproj", "{2411666C-DD48-463F-8846-7C1544949A33}"
EndProject
Project("{FAE04EC0-301F-11D3-BF4B-00C04F79EFBC}") = "HereSay.Website", "HereSay.Website\HereSay.Website.csproj", "{F1772711-5842-4BA1-8AF4-2FB3986137D8}"
EndProject
Project("{2150E333-8FDC-42A3-9474-1A3956D46DE8}") = ".nuget", ".nuget", "{1E774CA5-58B2-4BCB-A8A8-C40F7423D638}"
	ProjectSection(SolutionItems) = preProject
		.nuget\NuGet.Config = .nuget\NuGet.Config
		.nuget\NuGet.exe = .nuget\NuGet.exe
		.nuget\NuGet.targets = .nuget\NuGet.targets
	EndProjectSection
EndProject
Project("{2150E333-8FDC-42A3-9474-1A3956D46DE8}") = "Solution Items", "Solution Items", "{D0957A2B-9ECC-4746-BF5A-3148CB5A7C32}"
	ProjectSection(SolutionItems) = preProject
		HereSay.build = HereSay.build
	EndProjectSection
EndProject
Global
	GlobalSection(SolutionConfigurationPlatforms) = preSolution
		Debug|Any CPU = Debug|Any CPU
		Release|Any CPU = Release|Any CPU
	EndGlobalSection
	GlobalSection(ProjectConfigurationPlatforms) = postSolution
		{2411666C-DD48-463F-8846-7C1544949A33}.Debug|Any CPU.ActiveCfg = Debug|Any CPU
		{2411666C-DD48-463F-8846-7C1544949A33}.Debug|Any CPU.Build.0 = Debug|Any CPU
		{2411666C-DD48-463F-8846-7C1544949A33}.Release|Any CPU.ActiveCfg = Release|Any CPU
		{2411666C-DD48-463F-8846-7C1544949A33}.Release|Any CPU.Build.0 = Release|Any CPU
		{F1772711-5842-4BA1-8AF4-2FB3986137D8}.Debug|Any CPU.ActiveCfg = Debug|Any CPU
		{F1772711-5842-4BA1-8AF4-2FB3986137D8}.Debug|Any CPU.Build.0 = Debug|Any CPU
		{F1772711-5842-4BA1-8AF4-2FB3986137D8}.Release|Any CPU.ActiveCfg = Release|Any CPU
		{F1772711-5842-4BA1-8AF4-2FB3986137D8}.Release|Any CPU.Build.0 = Release|Any CPU
	EndGlobalSection
	GlobalSection(SolutionProperties) = preSolution
		HideSolutionNode = FALSE
	EndGlobalSection
EndGlobal
